
Microsoft Visual Studio Solution File, Format Version 12.00
# Visual Studio Version 16
VisualStudioVersion = 16.0.29009.5
MinimumVisualStudioVersion = 10.0.40219.1
Project("{9A19103F-16F7-4668-BE54-9A1E7A4F7556}") = "27.uzdevums", "27.uzdevums.csproj", "{92566577-6150-4C38-B6A0-A92B4D254623}"
EndProject
Global
	GlobalSection(SolutionConfigurationPlatforms) = preSolution
		Debug|Any CPU = Debug|Any CPU
		Release|Any CPU = Release|Any CPU
	EndGlobalSection
	GlobalSection(ProjectConfigurationPlatforms) = postSolution
		{92566577-6150-4C38-B6A0-A92B4D254623}.Debug|Any CPU.ActiveCfg = Debug|Any CPU
		{92566577-6150-4C38-B6A0-A92B4D254623}.Debug|Any CPU.Build.0 = Debug|Any CPU
		{92566577-6150-4C38-B6A0-A92B4D254623}.Release|Any CPU.ActiveCfg = Release|Any CPU
		{92566577-6150-4C38-B6A0-A92B4D254623}.Release|Any CPU.Build.0 = Release|Any CPU
	EndGlobalSection
	GlobalSection(SolutionProperties) = preSolution
		HideSolutionNode = FALSE
	EndGlobalSection
	GlobalSection(ExtensibilityGlobals) = postSolution
		SolutionGuid = {EFFF7414-DE17-4163-ADDA-CDD44AEAA28C}
	EndGlobalSection
EndGlobal
